
Microsoft Visual Studio Solution File, Format Version 12.00
# Visual Studio Version 17
VisualStudioVersion = 17.11.35327.3
MinimumVisualStudioVersion = 10.0.40219.1
Project("{9A19103F-16F7-4668-BE54-9A1E7A4F7556}") = "Task1", "Task1\Task1.csproj", "{6B50E8BB-032F-419E-AA41-8B2BB8BEEF29}"
EndProject
Project("{FAE04EC0-301F-11D3-BF4B-00C04F79EFBC}") = "Task2", "Task2\Task2.csproj", "{6175F719-AE36-4E67-AC2A-A5BA08BC367A}"
EndProject
Global
	GlobalSection(SolutionConfigurationPlatforms) = preSolution
		Debug|Any CPU = Debug|Any CPU
		Release|Any CPU = Release|Any CPU
	EndGlobalSection
	GlobalSection(ProjectConfigurationPlatforms) = postSolution
		{6B50E8BB-032F-419E-AA41-8B2BB8BEEF29}.Debug|Any CPU.ActiveCfg = Debug|Any CPU
		{6B50E8BB-032F-419E-AA41-8B2BB8BEEF29}.Debug|Any CPU.Build.0 = Debug|Any CPU
		{6B50E8BB-032F-419E-AA41-8B2BB8BEEF29}.Release|Any CPU.ActiveCfg = Release|Any CPU
		{6B50E8BB-032F-419E-AA41-8B2BB8BEEF29}.Release|Any CPU.Build.0 = Release|Any CPU
		{6175F719-AE36-4E67-AC2A-A5BA08BC367A}.Debug|Any CPU.ActiveCfg = Debug|Any CPU
		{6175F719-AE36-4E67-AC2A-A5BA08BC367A}.Debug|Any CPU.Build.0 = Debug|Any CPU
		{6175F719-AE36-4E67-AC2A-A5BA08BC367A}.Release|Any CPU.ActiveCfg = Release|Any CPU
		{6175F719-AE36-4E67-AC2A-A5BA08BC367A}.Release|Any CPU.Build.0 = Release|Any CPU
	EndGlobalSection
	GlobalSection(SolutionProperties) = preSolution
		HideSolutionNode = FALSE
	EndGlobalSection
	GlobalSection(ExtensibilityGlobals) = postSolution
		SolutionGuid = {06C34FE4-7319-46DC-ACE7-647FAA2C0FEC}
	EndGlobalSection
EndGlobal
